
Microsoft Visual Studio Solution File, Format Version 12.00
# Visual Studio Version 17
VisualStudioVersion = 17.5.33516.290
MinimumVisualStudioVersion = 10.0.40219.1
Project("{FAE04EC0-301F-11D3-BF4B-00C04F79EFBC}") = "PasswordClassLibrary", "PasswordClassLibrary\PasswordClassLibrary.csproj", "{2B66672C-C85A-485E-B717-E13C48170A0B}"
EndProject
Project("{FAE04EC0-301F-11D3-BF4B-00C04F79EFBC}") = "PasswordUnitTestProject", "PasswordUnitTestProject\PasswordUnitTestProject.csproj", "{5E8B88C6-8A6A-4C5B-B1D3-09A109C14A11}"
EndProject
Global
	GlobalSection(SolutionConfigurationPlatforms) = preSolution
		Debug|Any CPU = Debug|Any CPU
		Release|Any CPU = Release|Any CPU
	EndGlobalSection
	GlobalSection(ProjectConfigurationPlatforms) = postSolution
		{2B66672C-C85A-485E-B717-E13C48170A0B}.Debug|Any CPU.ActiveCfg = Debug|Any CPU
		{2B66672C-C85A-485E-B717-E13C48170A0B}.Debug|Any CPU.Build.0 = Debug|Any CPU
		{2B66672C-C85A-485E-B717-E13C48170A0B}.Release|Any CPU.ActiveCfg = Release|Any CPU
		{2B66672C-C85A-485E-B717-E13C48170A0B}.Release|Any CPU.Build.0 = Release|Any CPU
		{5E8B88C6-8A6A-4C5B-B1D3-09A109C14A11}.Debug|Any CPU.ActiveCfg = Debug|Any CPU
		{5E8B88C6-8A6A-4C5B-B1D3-09A109C14A11}.Debug|Any CPU.Build.0 = Debug|Any CPU
		{5E8B88C6-8A6A-4C5B-B1D3-09A109C14A11}.Release|Any CPU.ActiveCfg = Release|Any CPU
		{5E8B88C6-8A6A-4C5B-B1D3-09A109C14A11}.Release|Any CPU.Build.0 = Release|Any CPU
	EndGlobalSection
	GlobalSection(SolutionProperties) = preSolution
		HideSolutionNode = FALSE
	EndGlobalSection
	GlobalSection(ExtensibilityGlobals) = postSolution
		SolutionGuid = {1F99A2D2-A416-4FCC-BB6C-39BCC317A7E0}
	EndGlobalSection
EndGlobal
